# THIS IS AN AUTOGENERATED FILE. DO NOT EDIT THIS FILE DIRECTLY.
# yarn lockfile v1


convert-csv-to-json@^0.0.15:
  version "0.0.15"
  resolved "https://registry.yarnpkg.com/convert-csv-to-json/-/convert-csv-to-json-0.0.15.tgz#f0ac35129b61d857cb370e4eaf2abd4779c2c15a"
  integrity sha512-mXpZWoSc3RXWuA50GAx/BAj+7GIWLmYCr2/IoW9L+cwwvRt6TkTY+15emUyeNInyfl5uZf+H6sQQkpKhjwJB0w==
